// !$*UTF8*$!
{
	archiveVersion = 1;
	classes = {
	};
	objectVersion = 60;
	objects = {

/* Begin PBXBuildFile section */
		30FC047830136F41001A7AD8 /* AppCells.swift in Sources */ = {isa = PBXBuildFile; fileRef = 30FC042F30136F41001A7AD8 /* AppCells.swift */; };
		30FC047930136F41001A7AD8 /* DepthDesign.swift in Sources */ = {isa = PBXBuildFile; fileRef = 30FC043030136F41001A7AD8 /* DepthDesign.swift */; };
		30FC047A30136F41001A7AD8 /* MainTabView.swift in Sources */ = {isa = PBXBuildFile; fileRef = 30FC043130136F41001A7AD8 /* MainTabView.swift */; };
		30FC047B30136F41001A7AD8 /* SharedUI.swift in Sources */ = {isa = PBXBuildFile; fileRef = 30FC043230136F41001A7AD8 /* SharedUI.swift */; };
		30FC047C30136F41001A7AD8 /* ViewModifiers.swift in Sources */ = {isa = PBXBuildFile; fileRef = 30FC043330136F41001A7AD8 /* ViewModifiers.swift */; };
		30FC047D30136F41001A7AD8 /* Models.swift in Sources */ = {isa = PBXBuildFile; fileRef = 30FC043530136F41001A7AD8 /* Models.swift */; };
		30FC047E30136F41001A7AD8 /* AppDataStore.swift in Sources */ = {isa = PBXBuildFile; fileRef = 30FC043730136F41001A7AD8 /* AppDataStore.swift */; };
		30FC047F30136F41001A7AD8 /* AppLink.swift in Sources */ = {isa = PBXBuildFile; fileRef = 30FC043830136F41001A7AD8 /* AppLink.swift */; };
		30FC048030136F41001A7AD8 /* SensoryFeedback.swift in Sources */ = {isa = PBXBuildFile; fileRef = 30FC043930136F41001A7AD8 /* SensoryFeedback.swift */; };
		30FC048130136F41001A7AD8 /* AchievementsView.swift in Sources */ = {isa = PBXBuildFile; fileRef = 30FC043C30136F41001A7AD8 /* AchievementsView.swift */; };
		30FC048230136F41001A7AD8 /* HubView.swift in Sources */ = {isa = PBXBuildFile; fileRef = 30FC043E30136F41001A7AD8 /* HubView.swift */; };
		30FC048330136F41001A7AD8 /* JournalHubView.swift in Sources */ = {isa = PBXBuildFile; fileRef = 30FC044030136F41001A7AD8 /* JournalHubView.swift */; };
		30FC048430136F41001A7AD8 /* SessionEditorView.swift in Sources */ = {isa = PBXBuildFile; fileRef = 30FC044130136F41001A7AD8 /* SessionEditorView.swift */; };
		30FC048530136F41001A7AD8 /* SessionsLogView.swift in Sources */ = {isa = PBXBuildFile; fileRef = 30FC044230136F41001A7AD8 /* SessionsLogView.swift */; };
		30FC048630136F41001A7AD8 /* OnboardingView.swift in Sources */ = {isa = PBXBuildFile; fileRef = 30FC044430136F41001A7AD8 /* OnboardingView.swift */; };
		30FC048730136F41001A7AD8 /* OrganizeHubView.swift in Sources */ = {isa = PBXBuildFile; fileRef = 30FC044630136F41001A7AD8 /* OrganizeHubView.swift */; };
		30FC048830136F41001A7AD8 /* TaskInsightsView.swift in Sources */ = {isa = PBXBuildFile; fileRef = 30FC044730136F41001A7AD8 /* TaskInsightsView.swift */; };
		30FC048930136F41001A7AD8 /* TaskInsightsViewModel.swift in Sources */ = {isa = PBXBuildFile; fileRef = 30FC044830136F41001A7AD8 /* TaskInsightsViewModel.swift */; };
		30FC048A30136F41001A7AD8 /* TaskSchedulerView.swift in Sources */ = {isa = PBXBuildFile; fileRef = 30FC044930136F41001A7AD8 /* TaskSchedulerView.swift */; };
		30FC048B30136F41001A7AD8 /* TaskSchedulerViewModel.swift in Sources */ = {isa = PBXBuildFile; fileRef = 30FC044A30136F41001A7AD8 /* TaskSchedulerViewModel.swift */; };
		30FC048C30136F41001A7AD8 /* ReadingPlannerView.swift in Sources */ = {isa = PBXBuildFile; fileRef = 30FC044C30136F41001A7AD8 /* ReadingPlannerView.swift */; };
		30FC048D30136F41001A7AD8 /* ReadingPlannerViewModel.swift in Sources */ = {isa = PBXBuildFile; fileRef = 30FC044D30136F41001A7AD8 /* ReadingPlannerViewModel.swift */; };
		30FC048E30136F41001A7AD8 /* SettingsView.swift in Sources */ = {isa = PBXBuildFile; fileRef = 30FC044F30136F41001A7AD8 /* SettingsView.swift */; };
		30FC048F30136F41001A7AD8 /* BookDetailView.swift in Sources */ = {isa = PBXBuildFile; fileRef = 30FC045130136F41001A7AD8 /* BookDetailView.swift */; };
		30FC049030136F41001A7AD8 /* BookEditorView.swift in Sources */ = {isa = PBXBuildFile; fileRef = 30FC045230136F41001A7AD8 /* BookEditorView.swift */; };
		30FC049130136F41001A7AD8 /* HomeView.swift in Sources */ = {isa = PBXBuildFile; fileRef = 30FC045330136F41001A7AD8 /* HomeView.swift */; };
		30FC049230136F41001A7AD8 /* ShelfView.swift in Sources */ = {isa = PBXBuildFile; fileRef = 30FC045430136F41001A7AD8 /* ShelfView.swift */; };
		30FC049330136F41001A7AD8 /* GoalsView.swift in Sources */ = {isa = PBXBuildFile; fileRef = 30FC045630136F41001A7AD8 /* GoalsView.swift */; };
		30FC049430136F41001A7AD8 /* QuotesVaultView.swift in Sources */ = {isa = PBXBuildFile; fileRef = 30FC045730136F41001A7AD8 /* QuotesVaultView.swift */; };
		30FC049530136F41001A7AD8 /* VaultHubView.swift in Sources */ = {isa = PBXBuildFile; fileRef = 30FC045830136F41001A7AD8 /* VaultHubView.swift */; };
		30FC049630136F41001A7AD8 /* AppsFlyerManager.swift in Sources */ = {isa = PBXBuildFile; fileRef = 30FC045B30136F41001A7AD8 /* AppsFlyerManager.swift */; };
		30FC049730136F41001A7AD8 /* ConfigManager.swift in Sources */ = {isa = PBXBuildFile; fileRef = 30FC045C30136F41001A7AD8 /* ConfigManager.swift */; };
		30FC049830136F41001A7AD8 /* LoadingManager.swift in Sources */ = {isa = PBXBuildFile; fileRef = 30FC045D30136F41001A7AD8 /* LoadingManager.swift */; };
		30FC049930136F41001A7AD8 /* LoadingView.swift in Sources */ = {isa = PBXBuildFile; fileRef = 30FC045E30136F41001A7AD8 /* LoadingView.swift */; };
		30FC049A30136F41001A7AD8 /* LoadingViewController.swift in Sources */ = {isa = PBXBuildFile; fileRef = 30FC045F30136F41001A7AD8 /* LoadingViewController.swift */; };
		30FC049B30136F41001A7AD8 /* NetworkAvailability.swift in Sources */ = {isa = PBXBuildFile; fileRef = 30FC046030136F41001A7AD8 /* NetworkAvailability.swift */; };
		30FC049C30136F41001A7AD8 /* NoInternetView.swift in Sources */ = {isa = PBXBuildFile; fileRef = 30FC046130136F41001A7AD8 /* NoInternetView.swift */; };
		30FC049D30136F41001A7AD8 /* NotificationPermissionManager.swift in Sources */ = {isa = PBXBuildFile; fileRef = 30FC046230136F41001A7AD8 /* NotificationPermissionManager.swift */; };
		30FC049E30136F41001A7AD8 /* NotificationPermissionView.swift in Sources */ = {isa = PBXBuildFile; fileRef = 30FC046330136F41001A7AD8 /* NotificationPermissionView.swift */; };
		30FC049F30136F41001A7AD8 /* NotificationPermissionViewController.swift in Sources */ = {isa = PBXBuildFile; fileRef = 30FC046430136F41001A7AD8 /* NotificationPermissionViewController.swift */; };
		30FC04A030136F41001A7AD8 /* PushNotificationURLRouter.swift in Sources */ = {isa = PBXBuildFile; fileRef = 30FC046530136F41001A7AD8 /* PushNotificationURLRouter.swift */; };
		30FC04A130136F41001A7AD8 /* UserAgentBuilder.swift in Sources */ = {isa = PBXBuildFile; fileRef = 30FC046630136F41001A7AD8 /* UserAgentBuilder.swift */; };
		30FC04A230136F41001A7AD8 /* WebviewVC.swift in Sources */ = {isa = PBXBuildFile; fileRef = 30FC046730136F41001A7AD8 /* WebviewVC.swift */; };
		30FC04A330136F41001A7AD8 /* AppDelegate.swift in Sources */ = {isa = PBXBuildFile; fileRef = 30FC046C30136F41001A7AD8 /* AppDelegate.swift */; };
		30FC04A430136F41001A7AD8 /* ContentView.swift in Sources */ = {isa = PBXBuildFile; fileRef = 30FC046E30136F41001A7AD8 /* ContentView.swift */; };
		30FC04A530136F41001A7AD8 /* SceneDelegate.swift in Sources */ = {isa = PBXBuildFile; fileRef = 30FC047530136F41001A7AD8 /* SceneDelegate.swift */; };
		30FC04A630136F41001A7AD8 /* ViewController.swift in Sources */ = {isa = PBXBuildFile; fileRef = 30FC047630136F41001A7AD8 /* ViewController.swift */; };
		30FC04A730136F41001A7AD8 /* privacy_policy.md in Resources */ = {isa = PBXBuildFile; fileRef = 30FC046930136F41001A7AD8 /* privacy_policy.md */; };
		30FC04A830136F41001A7AD8 /* Assets.xcassets in Resources */ = {isa = PBXBuildFile; fileRef = 30FC046D30136F41001A7AD8 /* Assets.xcassets */; };
		30FC04A930136F41001A7AD8 /* GoogleService-Info.plist in Resources */ = {isa = PBXBuildFile; fileRef = 30FC046F30136F41001A7AD8 /* GoogleService-Info.plist */; };
		30FC04AB30136F41001A7AD8 /* LaunchScreen.storyboard in Resources */ = {isa = PBXBuildFile; fileRef = 30FC047230136F41001A7AD8 /* LaunchScreen.storyboard */; };
		30FC04AC30136F41001A7AD8 /* Main.storyboard in Resources */ = {isa = PBXBuildFile; fileRef = 30FC047430136F41001A7AD8 /* Main.storyboard */; };
		30FC04B430137190001A7AD8 /* NotificationService.swift in Sources */ = {isa = PBXBuildFile; fileRef = 30FC04B230137190001A7AD8 /* NotificationService.swift */; };
		A1BF001030136A01001A7AD8 /* FirebaseMessaging in Frameworks */ = {isa = PBXBuildFile; productRef = A1BF001130136A01001A7AD8 /* FirebaseMessaging */; };
		A1BF001230136A01001A7AD8 /* AppsFlyerLib-Static in Frameworks */ = {isa = PBXBuildFile; productRef = A1BF001330136A01001A7AD8 /* AppsFlyerLib-Static */; };
		A1BF001430136A01001A7AD8 /* FirebaseMessaging in Frameworks */ = {isa = PBXBuildFile; productRef = A1BF001530136A01001A7AD8 /* FirebaseMessaging */; };
		A1BF001630136A01001A7AD8 /* NotificationServiceExtension.appex in Embed Foundation Extensions */ = {isa = PBXBuildFile; fileRef = A1BF001730136A01001A7AD8 /* NotificationServiceExtension.appex */; settings = {ATTRIBUTES = (RemoveHeadersOnCopy, ); }; };
/* End PBXBuildFile section */

/* Begin PBXContainerItemProxy section */
		A1BF001830136A01001A7AD8 /* PBXContainerItemProxy */ = {
			isa = PBXContainerItemProxy;
			containerPortal = 306B666130080EC40027518A /* Project object */;
			proxyType = 1;
			remoteGlobalIDString = A1BF001930136A01001A7AD8;
			remoteInfo = NotificationServiceExtension;
		};
/* End PBXContainerItemProxy section */

/* Begin PBXCopyFilesBuildPhase section */
		A1BF001A30136A01001A7AD8 /* Embed Foundation Extensions */ = {
			isa = PBXCopyFilesBuildPhase;
			buildActionMask = 2147483647;
			dstPath = "";
			dstSubfolderSpec = 13;
			files = (
				A1BF001630136A01001A7AD8 /* NotificationServiceExtension.appex in Embed Foundation Extensions */,
			);
			name = "Embed Foundation Extensions";
			runOnlyForDeploymentPostprocessing = 0;
		};
/* End PBXCopyFilesBuildPhase section */

/* Begin PBXFileReference section */
		306B666930080EC40027518A /* 248VelquoraStudio.app */ = {isa = PBXFileReference; explicitFileType = wrapper.application; includeInIndex = 0; path = 248VelquoraStudio.app; sourceTree = BUILT_PRODUCTS_DIR; };
		30FC042F30136F41001A7AD8 /* AppCells.swift */ = {isa = PBXFileReference; lastKnownFileType = sourcecode.swift; path = AppCells.swift; sourceTree = "<group>"; };
		30FC043030136F41001A7AD8 /* DepthDesign.swift */ = {isa = PBXFileReference; lastKnownFileType = sourcecode.swift; path = DepthDesign.swift; sourceTree = "<group>"; };
		30FC043130136F41001A7AD8 /* MainTabView.swift */ = {isa = PBXFileReference; lastKnownFileType = sourcecode.swift; path = MainTabView.swift; sourceTree = "<group>"; };
		30FC043230136F41001A7AD8 /* SharedUI.swift */ = {isa = PBXFileReference; lastKnownFileType = sourcecode.swift; path = SharedUI.swift; sourceTree = "<group>"; };
		30FC043330136F41001A7AD8 /* ViewModifiers.swift */ = {isa = PBXFileReference; lastKnownFileType = sourcecode.swift; path = ViewModifiers.swift; sourceTree = "<group>"; };
		30FC043530136F41001A7AD8 /* Models.swift */ = {isa = PBXFileReference; lastKnownFileType = sourcecode.swift; path = Models.swift; sourceTree = "<group>"; };
		30FC043730136F41001A7AD8 /* AppDataStore.swift */ = {isa = PBXFileReference; lastKnownFileType = sourcecode.swift; path = AppDataStore.swift; sourceTree = "<group>"; };
		30FC043830136F41001A7AD8 /* AppLink.swift */ = {isa = PBXFileReference; lastKnownFileType = sourcecode.swift; path = AppLink.swift; sourceTree = "<group>"; };
		30FC043930136F41001A7AD8 /* SensoryFeedback.swift */ = {isa = PBXFileReference; lastKnownFileType = sourcecode.swift; path = SensoryFeedback.swift; sourceTree = "<group>"; };
		30FC043C30136F41001A7AD8 /* AchievementsView.swift */ = {isa = PBXFileReference; lastKnownFileType = sourcecode.swift; path = AchievementsView.swift; sourceTree = "<group>"; };
		30FC043E30136F41001A7AD8 /* HubView.swift */ = {isa = PBXFileReference; lastKnownFileType = sourcecode.swift; path = HubView.swift; sourceTree = "<group>"; };
		30FC044030136F41001A7AD8 /* JournalHubView.swift */ = {isa = PBXFileReference; lastKnownFileType = sourcecode.swift; path = JournalHubView.swift; sourceTree = "<group>"; };
		30FC044130136F41001A7AD8 /* SessionEditorView.swift */ = {isa = PBXFileReference; lastKnownFileType = sourcecode.swift; path = SessionEditorView.swift; sourceTree = "<group>"; };
		30FC044230136F41001A7AD8 /* SessionsLogView.swift */ = {isa = PBXFileReference; lastKnownFileType = sourcecode.swift; path = SessionsLogView.swift; sourceTree = "<group>"; };
		30FC044430136F41001A7AD8 /* OnboardingView.swift */ = {isa = PBXFileReference; lastKnownFileType = sourcecode.swift; path = OnboardingView.swift; sourceTree = "<group>"; };
		30FC044630136F41001A7AD8 /* OrganizeHubView.swift */ = {isa = PBXFileReference; lastKnownFileType = sourcecode.swift; path = OrganizeHubView.swift; sourceTree = "<group>"; };
		30FC044730136F41001A7AD8 /* TaskInsightsView.swift */ = {isa = PBXFileReference; lastKnownFileType = sourcecode.swift; path = TaskInsightsView.swift; sourceTree = "<group>"; };
		30FC044830136F41001A7AD8 /* TaskInsightsViewModel.swift */ = {isa = PBXFileReference; lastKnownFileType = sourcecode.swift; path = TaskInsightsViewModel.swift; sourceTree = "<group>"; };
		30FC044930136F41001A7AD8 /* TaskSchedulerView.swift */ = {isa = PBXFileReference; lastKnownFileType = sourcecode.swift; path = TaskSchedulerView.swift; sourceTree = "<group>"; };
		30FC044A30136F41001A7AD8 /* TaskSchedulerViewModel.swift */ = {isa = PBXFileReference; lastKnownFileType = sourcecode.swift; path = TaskSchedulerViewModel.swift; sourceTree = "<group>"; };
		30FC044C30136F41001A7AD8 /* ReadingPlannerView.swift */ = {isa = PBXFileReference; lastKnownFileType = sourcecode.swift; path = ReadingPlannerView.swift; sourceTree = "<group>"; };
		30FC044D30136F41001A7AD8 /* ReadingPlannerViewModel.swift */ = {isa = PBXFileReference; lastKnownFileType = sourcecode.swift; path = ReadingPlannerViewModel.swift; sourceTree = "<group>"; };
		30FC044F30136F41001A7AD8 /* SettingsView.swift */ = {isa = PBXFileReference; lastKnownFileType = sourcecode.swift; path = SettingsView.swift; sourceTree = "<group>"; };
		30FC045130136F41001A7AD8 /* BookDetailView.swift */ = {isa = PBXFileReference; lastKnownFileType = sourcecode.swift; path = BookDetailView.swift; sourceTree = "<group>"; };
		30FC045230136F41001A7AD8 /* BookEditorView.swift */ = {isa = PBXFileReference; lastKnownFileType = sourcecode.swift; path = BookEditorView.swift; sourceTree = "<group>"; };
		30FC045330136F41001A7AD8 /* HomeView.swift */ = {isa = PBXFileReference; lastKnownFileType = sourcecode.swift; path = HomeView.swift; sourceTree = "<group>"; };
		30FC045430136F41001A7AD8 /* ShelfView.swift */ = {isa = PBXFileReference; lastKnownFileType = sourcecode.swift; path = ShelfView.swift; sourceTree = "<group>"; };
		30FC045630136F41001A7AD8 /* GoalsView.swift */ = {isa = PBXFileReference; lastKnownFileType = sourcecode.swift; path = GoalsView.swift; sourceTree = "<group>"; };
		30FC045730136F41001A7AD8 /* QuotesVaultView.swift */ = {isa = PBXFileReference; lastKnownFileType = sourcecode.swift; path = QuotesVaultView.swift; sourceTree = "<group>"; };
		30FC045830136F41001A7AD8 /* VaultHubView.swift */ = {isa = PBXFileReference; lastKnownFileType = sourcecode.swift; path = VaultHubView.swift; sourceTree = "<group>"; };
		30FC045B30136F41001A7AD8 /* AppsFlyerManager.swift */ = {isa = PBXFileReference; lastKnownFileType = sourcecode.swift; path = AppsFlyerManager.swift; sourceTree = "<group>"; };
		30FC045C30136F41001A7AD8 /* ConfigManager.swift */ = {isa = PBXFileReference; lastKnownFileType = sourcecode.swift; path = ConfigManager.swift; sourceTree = "<group>"; };
		30FC045D30136F41001A7AD8 /* LoadingManager.swift */ = {isa = PBXFileReference; lastKnownFileType = sourcecode.swift; path = LoadingManager.swift; sourceTree = "<group>"; };
		30FC045E30136F41001A7AD8 /* LoadingView.swift */ = {isa = PBXFileReference; lastKnownFileType = sourcecode.swift; path = LoadingView.swift; sourceTree = "<group>"; };
		30FC045F30136F41001A7AD8 /* LoadingViewController.swift */ = {isa = PBXFileReference; lastKnownFileType = sourcecode.swift; path = LoadingViewController.swift; sourceTree = "<group>"; };
		30FC046030136F41001A7AD8 /* NetworkAvailability.swift */ = {isa = PBXFileReference; lastKnownFileType = sourcecode.swift; path = NetworkAvailability.swift; sourceTree = "<group>"; };
		30FC046130136F41001A7AD8 /* NoInternetView.swift */ = {isa = PBXFileReference; lastKnownFileType = sourcecode.swift; path = NoInternetView.swift; sourceTree = "<group>"; };
		30FC046230136F41001A7AD8 /* NotificationPermissionManager.swift */ = {isa = PBXFileReference; lastKnownFileType = sourcecode.swift; path = NotificationPermissionManager.swift; sourceTree = "<group>"; };
		30FC046330136F41001A7AD8 /* NotificationPermissionView.swift */ = {isa = PBXFileReference; lastKnownFileType = sourcecode.swift; path = NotificationPermissionView.swift; sourceTree = "<group>"; };
		30FC046430136F41001A7AD8 /* NotificationPermissionViewController.swift */ = {isa = PBXFileReference; lastKnownFileType = sourcecode.swift; path = NotificationPermissionViewController.swift; sourceTree = "<group>"; };
		30FC046530136F41001A7AD8 /* PushNotificationURLRouter.swift */ = {isa = PBXFileReference; lastKnownFileType = sourcecode.swift; path = PushNotificationURLRouter.swift; sourceTree = "<group>"; };
		30FC046630136F41001A7AD8 /* UserAgentBuilder.swift */ = {isa = PBXFileReference; lastKnownFileType = sourcecode.swift; path = UserAgentBuilder.swift; sourceTree = "<group>"; };
		30FC046730136F41001A7AD8 /* WebviewVC.swift */ = {isa = PBXFileReference; lastKnownFileType = sourcecode.swift; path = WebviewVC.swift; sourceTree = "<group>"; };
		30FC046930136F41001A7AD8 /* privacy_policy.md */ = {isa = PBXFileReference; lastKnownFileType = net.daringfireball.markdown; path = privacy_policy.md; sourceTree = "<group>"; };
		30FC046B30136F41001A7AD8 /* 248VelquoraStudio.entitlements */ = {isa = PBXFileReference; lastKnownFileType = text.plist.entitlements; path = 248VelquoraStudio.entitlements; sourceTree = "<group>"; };
		30FC046C30136F41001A7AD8 /* AppDelegate.swift */ = {isa = PBXFileReference; lastKnownFileType = sourcecode.swift; path = AppDelegate.swift; sourceTree = "<group>"; };
		30FC046D30136F41001A7AD8 /* Assets.xcassets */ = {isa = PBXFileReference; lastKnownFileType = folder.assetcatalog; path = Assets.xcassets; sourceTree = "<group>"; };
		30FC046E30136F41001A7AD8 /* ContentView.swift */ = {isa = PBXFileReference; lastKnownFileType = sourcecode.swift; path = ContentView.swift; sourceTree = "<group>"; };
		30FC046F30136F41001A7AD8 /* GoogleService-Info.plist */ = {isa = PBXFileReference; lastKnownFileType = text.plist.xml; path = "GoogleService-Info.plist"; sourceTree = "<group>"; };
		30FC047030136F41001A7AD8 /* Info.plist */ = {isa = PBXFileReference; lastKnownFileType = text.plist.xml; path = Info.plist; sourceTree = "<group>"; };
		30FC047130136F41001A7AD8 /* Base */ = {isa = PBXFileReference; lastKnownFileType = file.storyboard; name = Base; path = Base.lproj/LaunchScreen.storyboard; sourceTree = "<group>"; };
		30FC047330136F41001A7AD8 /* Base */ = {isa = PBXFileReference; lastKnownFileType = file.storyboard; name = Base; path = Base.lproj/Main.storyboard; sourceTree = "<group>"; };
		30FC047530136F41001A7AD8 /* SceneDelegate.swift */ = {isa = PBXFileReference; lastKnownFileType = sourcecode.swift; path = SceneDelegate.swift; sourceTree = "<group>"; };
		30FC047630136F41001A7AD8 /* ViewController.swift */ = {isa = PBXFileReference; lastKnownFileType = sourcecode.swift; path = ViewController.swift; sourceTree = "<group>"; };
		30FC04B130137190001A7AD8 /* Info.plist */ = {isa = PBXFileReference; lastKnownFileType = text.plist.xml; path = Info.plist; sourceTree = "<group>"; };
		30FC04B230137190001A7AD8 /* NotificationService.swift */ = {isa = PBXFileReference; lastKnownFileType = sourcecode.swift; path = NotificationService.swift; sourceTree = "<group>"; };
		A1BF001730136A01001A7AD8 /* NotificationServiceExtension.appex */ = {isa = PBXFileReference; explicitFileType = "wrapper.app-extension"; includeInIndex = 0; path = NotificationServiceExtension.appex; sourceTree = BUILT_PRODUCTS_DIR; };
		AD1B3C0D8766357DE3597FEB /* Pods_248VelquoraStudio.framework */ = {isa = PBXFileReference; explicitFileType = wrapper.framework; includeInIndex = 0; path = Pods_248VelquoraStudio.framework; sourceTree = BUILT_PRODUCTS_DIR; };
		AD3DD173A2AA3C29E92BD8CD /* Pods-248VelquoraStudio.release.xcconfig */ = {isa = PBXFileReference; includeInIndex = 1; lastKnownFileType = text.xcconfig; name = "Pods-248VelquoraStudio.release.xcconfig"; path = "Target Support Files/Pods-248VelquoraStudio/Pods-248VelquoraStudio.release.xcconfig"; sourceTree = "<group>"; };
		D36602E25715195BC9D3FD70 /* Pods-248VelquoraStudio.debug.xcconfig */ = {isa = PBXFileReference; includeInIndex = 1; lastKnownFileType = text.xcconfig; name = "Pods-248VelquoraStudio.debug.xcconfig"; path = "Target Support Files/Pods-248VelquoraStudio/Pods-248VelquoraStudio.debug.xcconfig"; sourceTree = "<group>"; };
/* End PBXFileReference section */

/* Begin PBXFrameworksBuildPhase section */
		306B666630080EC40027518A /* Frameworks */ = {
			isa = PBXFrameworksBuildPhase;
			buildActionMask = 2147483647;
			files = (
				A1BF001030136A01001A7AD8 /* FirebaseMessaging in Frameworks */,
				A1BF001230136A01001A7AD8 /* AppsFlyerLib-Static in Frameworks */,
			);
			runOnlyForDeploymentPostprocessing = 0;
		};
		A1BF001D30136A01001A7AD8 /* Frameworks */ = {
			isa = PBXFrameworksBuildPhase;
			buildActionMask = 2147483647;
			files = (
				A1BF001430136A01001A7AD8 /* FirebaseMessaging in Frameworks */,
			);
			runOnlyForDeploymentPostprocessing = 0;
		};
/* End PBXFrameworksBuildPhase section */

/* Begin PBXGroup section */
		306B666030080EC40027518A = {
			isa = PBXGroup;
			children = (
				30FC047730136F41001A7AD8 /* 248VelquoraStudio */,
				30FC04B330137190001A7AD8 /* NotificationServiceExtension */,
				306B666A30080EC40027518A /* Products */,
				EFDBC22EFCF600CC36DD4ACC /* Pods */,
				3F647653338B22ECCD4B0899 /* Frameworks */,
			);
			sourceTree = "<group>";
		};
		306B666A30080EC40027518A /* Products */ = {
			isa = PBXGroup;
			children = (
				306B666930080EC40027518A /* 248VelquoraStudio.app */,
				A1BF001730136A01001A7AD8 /* NotificationServiceExtension.appex */,
			);
			name = Products;
			sourceTree = "<group>";
		};
		30FC043430136F41001A7AD8 /* Components */ = {
			isa = PBXGroup;
			children = (
				30FC042F30136F41001A7AD8 /* AppCells.swift */,
				30FC043030136F41001A7AD8 /* DepthDesign.swift */,
				30FC043130136F41001A7AD8 /* MainTabView.swift */,
				30FC043230136F41001A7AD8 /* SharedUI.swift */,
				30FC043330136F41001A7AD8 /* ViewModifiers.swift */,
			);
			path = Components;
			sourceTree = "<group>";
		};
		30FC043630136F41001A7AD8 /* Models */ = {
			isa = PBXGroup;
			children = (
				30FC043530136F41001A7AD8 /* Models.swift */,
			);
			path = Models;
			sourceTree = "<group>";
		};
		30FC043A30136F41001A7AD8 /* Services */ = {
			isa = PBXGroup;
			children = (
				30FC043730136F41001A7AD8 /* AppDataStore.swift */,
				30FC043830136F41001A7AD8 /* AppLink.swift */,
				30FC043930136F41001A7AD8 /* SensoryFeedback.swift */,
			);
			path = Services;
			sourceTree = "<group>";
		};
		30FC043B30136F41001A7AD8 /* Core */ = {
			isa = PBXGroup;
			children = (
				30FC043430136F41001A7AD8 /* Components */,
				30FC043630136F41001A7AD8 /* Models */,
				30FC043A30136F41001A7AD8 /* Services */,
			);
			path = Core;
			sourceTree = "<group>";
		};
		30FC043D30136F41001A7AD8 /* Achievements */ = {
			isa = PBXGroup;
			children = (
				30FC043C30136F41001A7AD8 /* AchievementsView.swift */,
			);
			path = Achievements;
			sourceTree = "<group>";
		};
		30FC043F30136F41001A7AD8 /* Hub */ = {
			isa = PBXGroup;
			children = (
				30FC043E30136F41001A7AD8 /* HubView.swift */,
			);
			path = Hub;
			sourceTree = "<group>";
		};
		30FC044330136F41001A7AD8 /* Journal */ = {
			isa = PBXGroup;
			children = (
				30FC044030136F41001A7AD8 /* JournalHubView.swift */,
				30FC044130136F41001A7AD8 /* SessionEditorView.swift */,
				30FC044230136F41001A7AD8 /* SessionsLogView.swift */,
			);
			path = Journal;
			sourceTree = "<group>";
		};
		30FC044530136F41001A7AD8 /* Onboarding */ = {
			isa = PBXGroup;
			children = (
				30FC044430136F41001A7AD8 /* OnboardingView.swift */,
			);
			path = Onboarding;
			sourceTree = "<group>";
		};
		30FC044B30136F41001A7AD8 /* Organize */ = {
			isa = PBXGroup;
			children = (
				30FC044630136F41001A7AD8 /* OrganizeHubView.swift */,
				30FC044730136F41001A7AD8 /* TaskInsightsView.swift */,
				30FC044830136F41001A7AD8 /* TaskInsightsViewModel.swift */,
				30FC044930136F41001A7AD8 /* TaskSchedulerView.swift */,
				30FC044A30136F41001A7AD8 /* TaskSchedulerViewModel.swift */,
			);
			path = Organize;
			sourceTree = "<group>";
		};
		30FC044E30136F41001A7AD8 /* ReadingPlanner */ = {
			isa = PBXGroup;
			children = (
				30FC044C30136F41001A7AD8 /* ReadingPlannerView.swift */,
				30FC044D30136F41001A7AD8 /* ReadingPlannerViewModel.swift */,
			);
			path = ReadingPlanner;
			sourceTree = "<group>";
		};
		30FC045030136F41001A7AD8 /* Settings */ = {
			isa = PBXGroup;
			children = (
				30FC044F30136F41001A7AD8 /* SettingsView.swift */,
			);
			path = Settings;
			sourceTree = "<group>";
		};
		30FC045530136F41001A7AD8 /* Shelf */ = {
			isa = PBXGroup;
			children = (
				30FC045130136F41001A7AD8 /* BookDetailView.swift */,
				30FC045230136F41001A7AD8 /* BookEditorView.swift */,
				30FC045330136F41001A7AD8 /* HomeView.swift */,
				30FC045430136F41001A7AD8 /* ShelfView.swift */,
			);
			path = Shelf;
			sourceTree = "<group>";
		};
		30FC045930136F41001A7AD8 /* Vault */ = {
			isa = PBXGroup;
			children = (
				30FC045630136F41001A7AD8 /* GoalsView.swift */,
				30FC045730136F41001A7AD8 /* QuotesVaultView.swift */,
				30FC045830136F41001A7AD8 /* VaultHubView.swift */,
			);
			path = Vault;
			sourceTree = "<group>";
		};
		30FC045A30136F41001A7AD8 /* Features */ = {
			isa = PBXGroup;
			children = (
				30FC043D30136F41001A7AD8 /* Achievements */,
				30FC043F30136F41001A7AD8 /* Hub */,
				30FC044330136F41001A7AD8 /* Journal */,
				30FC044530136F41001A7AD8 /* Onboarding */,
				30FC044B30136F41001A7AD8 /* Organize */,
				30FC044E30136F41001A7AD8 /* ReadingPlanner */,
				30FC045030136F41001A7AD8 /* Settings */,
				30FC045530136F41001A7AD8 /* Shelf */,
				30FC045930136F41001A7AD8 /* Vault */,
			);
			path = Features;
			sourceTree = "<group>";
		};
		30FC046830136F41001A7AD8 /* Loading */ = {
			isa = PBXGroup;
			children = (
				30FC045B30136F41001A7AD8 /* AppsFlyerManager.swift */,
				30FC045C30136F41001A7AD8 /* ConfigManager.swift */,
				30FC045D30136F41001A7AD8 /* LoadingManager.swift */,
				30FC045E30136F41001A7AD8 /* LoadingView.swift */,
				30FC045F30136F41001A7AD8 /* LoadingViewController.swift */,
				30FC046030136F41001A7AD8 /* NetworkAvailability.swift */,
				30FC046130136F41001A7AD8 /* NoInternetView.swift */,
				30FC046230136F41001A7AD8 /* NotificationPermissionManager.swift */,
				30FC046330136F41001A7AD8 /* NotificationPermissionView.swift */,
				30FC046430136F41001A7AD8 /* NotificationPermissionViewController.swift */,
				30FC046530136F41001A7AD8 /* PushNotificationURLRouter.swift */,
				30FC046630136F41001A7AD8 /* UserAgentBuilder.swift */,
				30FC046730136F41001A7AD8 /* WebviewVC.swift */,
			);
			path = Loading;
			sourceTree = "<group>";
		};
		30FC046A30136F41001A7AD8 /* Resources */ = {
			isa = PBXGroup;
			children = (
				30FC046930136F41001A7AD8 /* privacy_policy.md */,
			);
			path = Resources;
			sourceTree = "<group>";
		};
		30FC047730136F41001A7AD8 /* 248VelquoraStudio */ = {
			isa = PBXGroup;
			children = (
				30FC043B30136F41001A7AD8 /* Core */,
				30FC045A30136F41001A7AD8 /* Features */,
				30FC046830136F41001A7AD8 /* Loading */,
				30FC046A30136F41001A7AD8 /* Resources */,
				30FC046B30136F41001A7AD8 /* 248VelquoraStudio.entitlements */,
				30FC046C30136F41001A7AD8 /* AppDelegate.swift */,
				30FC046D30136F41001A7AD8 /* Assets.xcassets */,
				30FC046E30136F41001A7AD8 /* ContentView.swift */,
				30FC046F30136F41001A7AD8 /* GoogleService-Info.plist */,
				30FC047030136F41001A7AD8 /* Info.plist */,
				30FC047230136F41001A7AD8 /* LaunchScreen.storyboard */,
				30FC047430136F41001A7AD8 /* Main.storyboard */,
				30FC047530136F41001A7AD8 /* SceneDelegate.swift */,
				30FC047630136F41001A7AD8 /* ViewController.swift */,
			);
			path = 248VelquoraStudio;
			sourceTree = "<group>";
		};
		30FC04B330137190001A7AD8 /* NotificationServiceExtension */ = {
			isa = PBXGroup;
			children = (
				30FC04B130137190001A7AD8 /* Info.plist */,
				30FC04B230137190001A7AD8 /* NotificationService.swift */,
			);
			path = NotificationServiceExtension;
			sourceTree = "<group>";
		};
		3F647653338B22ECCD4B0899 /* Frameworks */ = {
			isa = PBXGroup;
			children = (
				AD1B3C0D8766357DE3597FEB /* Pods_248VelquoraStudio.framework */,
			);
			name = Frameworks;
			sourceTree = "<group>";
		};
		EFDBC22EFCF600CC36DD4ACC /* Pods */ = {
			isa = PBXGroup;
			children = (
				D36602E25715195BC9D3FD70 /* Pods-248VelquoraStudio.debug.xcconfig */,
				AD3DD173A2AA3C29E92BD8CD /* Pods-248VelquoraStudio.release.xcconfig */,
			);
			path = Pods;
			sourceTree = "<group>";
		};
/* End PBXGroup section */

/* Begin PBXNativeTarget section */
		306B666830080EC40027518A /* 248VelquoraStudio */ = {
			isa = PBXNativeTarget;
			buildConfigurationList = 306B667C30080EC50027518A /* Build configuration list for PBXNativeTarget "248VelquoraStudio" */;
			buildPhases = (
				143489914941A2E718B32DEE /* [CP] Check Pods Manifest.lock */,
				306B666530080EC40027518A /* Sources */,
				306B666630080EC40027518A /* Frameworks */,
				306B666730080EC40027518A /* Resources */,
				A1BF001A30136A01001A7AD8 /* Embed Foundation Extensions */,
			);
			buildRules = (
			);
			dependencies = (
				A1BF001E30136A01001A7AD8 /* PBXTargetDependency */,
			);
			name = 248VelquoraStudio;
			packageProductDependencies = (
				A1BF001130136A01001A7AD8 /* FirebaseMessaging */,
				A1BF001330136A01001A7AD8 /* AppsFlyerLib-Static */,
			);
			productName = 248VelquoraStudio;
			productReference = 306B666930080EC40027518A /* 248VelquoraStudio.app */;
			productType = "com.apple.product-type.application";
		};
		A1BF001930136A01001A7AD8 /* NotificationServiceExtension */ = {
			isa = PBXNativeTarget;
			buildConfigurationList = A1BF001F30136A01001A7AD8 /* Build configuration list for PBXNativeTarget "NotificationServiceExtension" */;
			buildPhases = (
				A1BF002030136A01001A7AD8 /* Sources */,
				A1BF001D30136A01001A7AD8 /* Frameworks */,
				A1BF002130136A01001A7AD8 /* Resources */,
			);
			buildRules = (
			);
			dependencies = (
			);
			name = NotificationServiceExtension;
			packageProductDependencies = (
				A1BF001530136A01001A7AD8 /* FirebaseMessaging */,
			);
			productName = NotificationServiceExtension;
			productReference = A1BF001730136A01001A7AD8 /* NotificationServiceExtension.appex */;
			productType = "com.apple.product-type.app-extension";
		};
/* End PBXNativeTarget section */

/* Begin PBXProject section */
		306B666130080EC40027518A /* Project object */ = {
			isa = PBXProject;
			attributes = {
				BuildIndependentTargetsInParallel = 1;
				LastSwiftUpdateCheck = 2660;
				LastUpgradeCheck = 2660;
				TargetAttributes = {
					306B666830080EC40027518A = {
						CreatedOnToolsVersion = 26.6;
					};
					A1BF001930136A01001A7AD8 = {
						CreatedOnToolsVersion = 26.6;
					};
				};
			};
			buildConfigurationList = 306B666430080EC40027518A /* Build configuration list for PBXProject "248VelquoraStudio" */;
			compatibilityVersion = "Xcode 15.0";
			developmentRegion = en;
			hasScannedForEncodings = 0;
			knownRegions = (
				en,
				Base,
			);
			mainGroup = 306B666030080EC40027518A;
			packageReferences = (
				A1BF002230136A01001A7AD8 /* XCRemoteSwiftPackageReference "firebase-ios-sdk" */,
				A1BF002330136A01001A7AD8 /* XCRemoteSwiftPackageReference "AppsFlyerFramework-Static" */,
			);
			productRefGroup = 306B666A30080EC40027518A /* Products */;
			projectDirPath = "";
			projectRoot = "";
			targets = (
				306B666830080EC40027518A /* 248VelquoraStudio */,
				A1BF001930136A01001A7AD8 /* NotificationServiceExtension */,
			);
		};
/* End PBXProject section */

/* Begin PBXResourcesBuildPhase section */
		306B666730080EC40027518A /* Resources */ = {
			isa = PBXResourcesBuildPhase;
			buildActionMask = 2147483647;
			files = (
				30FC04A730136F41001A7AD8 /* privacy_policy.md in Resources */,
				30FC04A830136F41001A7AD8 /* Assets.xcassets in Resources */,
				30FC04A930136F41001A7AD8 /* GoogleService-Info.plist in Resources */,
				30FC04AB30136F41001A7AD8 /* LaunchScreen.storyboard in Resources */,
				30FC04AC30136F41001A7AD8 /* Main.storyboard in Resources */,
			);
			runOnlyForDeploymentPostprocessing = 0;
		};
		A1BF002130136A01001A7AD8 /* Resources */ = {
			isa = PBXResourcesBuildPhase;
			buildActionMask = 2147483647;
			files = (
			);
			runOnlyForDeploymentPostprocessing = 0;
		};
/* End PBXResourcesBuildPhase section */

/* Begin PBXShellScriptBuildPhase section */
		143489914941A2E718B32DEE /* [CP] Check Pods Manifest.lock */ = {
			isa = PBXShellScriptBuildPhase;
			buildActionMask = 2147483647;
			files = (
			);
			inputFileListPaths = (
			);
			inputPaths = (
				"${PODS_PODFILE_DIR_PATH}/Podfile.lock",
				"${PODS_ROOT}/Manifest.lock",
			);
			name = "[CP] Check Pods Manifest.lock";
			outputFileListPaths = (
			);
			outputPaths = (
				"$(DERIVED_FILE_DIR)/Pods-248VelquoraStudio-checkManifestLockResult.txt",
			);
			runOnlyForDeploymentPostprocessing = 0;
			shellPath = /bin/sh;
			shellScript = "diff \"${PODS_PODFILE_DIR_PATH}/Podfile.lock\" \"${PODS_ROOT}/Manifest.lock\" > /dev/null\nif [ $? != 0 ] ; then\n    # print error to STDERR\n    echo \"error: The sandbox is not in sync with the Podfile.lock. Run 'pod install' or update your CocoaPods installation.\" >&2\n    exit 1\nfi\n# This output is used by Xcode 'outputs' to avoid re-running this script phase.\necho \"SUCCESS\" > \"${SCRIPT_OUTPUT_FILE_0}\"\n";
			showEnvVarsInLog = 0;
		};
/* End PBXShellScriptBuildPhase section */

/* Begin PBXSourcesBuildPhase section */
		306B666530080EC40027518A /* Sources */ = {
			isa = PBXSourcesBuildPhase;
			buildActionMask = 2147483647;
			files = (
				30FC047830136F41001A7AD8 /* AppCells.swift in Sources */,
				30FC047930136F41001A7AD8 /* DepthDesign.swift in Sources */,
				30FC047A30136F41001A7AD8 /* MainTabView.swift in Sources */,
				30FC047B30136F41001A7AD8 /* SharedUI.swift in Sources */,
				30FC047C30136F41001A7AD8 /* ViewModifiers.swift in Sources */,
				30FC047D30136F41001A7AD8 /* Models.swift in Sources */,
				30FC047E30136F41001A7AD8 /* AppDataStore.swift in Sources */,
				30FC047F30136F41001A7AD8 /* AppLink.swift in Sources */,
				30FC048030136F41001A7AD8 /* SensoryFeedback.swift in Sources */,
				30FC048130136F41001A7AD8 /* AchievementsView.swift in Sources */,
				30FC048230136F41001A7AD8 /* HubView.swift in Sources */,
				30FC048330136F41001A7AD8 /* JournalHubView.swift in Sources */,
				30FC048430136F41001A7AD8 /* SessionEditorView.swift in Sources */,
				30FC048530136F41001A7AD8 /* SessionsLogView.swift in Sources */,
				30FC048630136F41001A7AD8 /* OnboardingView.swift in Sources */,
				30FC048730136F41001A7AD8 /* OrganizeHubView.swift in Sources */,
				30FC048830136F41001A7AD8 /* TaskInsightsView.swift in Sources */,
				30FC048930136F41001A7AD8 /* TaskInsightsViewModel.swift in Sources */,
				30FC048A30136F41001A7AD8 /* TaskSchedulerView.swift in Sources */,
				30FC048B30136F41001A7AD8 /* TaskSchedulerViewModel.swift in Sources */,
				30FC048C30136F41001A7AD8 /* ReadingPlannerView.swift in Sources */,
				30FC048D30136F41001A7AD8 /* ReadingPlannerViewModel.swift in Sources */,
				30FC048E30136F41001A7AD8 /* SettingsView.swift in Sources */,
				30FC048F30136F41001A7AD8 /* BookDetailView.swift in Sources */,
				30FC049030136F41001A7AD8 /* BookEditorView.swift in Sources */,
				30FC049130136F41001A7AD8 /* HomeView.swift in Sources */,
				30FC049230136F41001A7AD8 /* ShelfView.swift in Sources */,
				30FC049330136F41001A7AD8 /* GoalsView.swift in Sources */,
				30FC049430136F41001A7AD8 /* QuotesVaultView.swift in Sources */,
				30FC049530136F41001A7AD8 /* VaultHubView.swift in Sources */,
				30FC049630136F41001A7AD8 /* AppsFlyerManager.swift in Sources */,
				30FC049730136F41001A7AD8 /* ConfigManager.swift in Sources */,
				30FC049830136F41001A7AD8 /* LoadingManager.swift in Sources */,
				30FC049930136F41001A7AD8 /* LoadingView.swift in Sources */,
				30FC049A30136F41001A7AD8 /* LoadingViewController.swift in Sources */,
				30FC049B30136F41001A7AD8 /* NetworkAvailability.swift in Sources */,
				30FC049C30136F41001A7AD8 /* NoInternetView.swift in Sources */,
				30FC049D30136F41001A7AD8 /* NotificationPermissionManager.swift in Sources */,
				30FC049E30136F41001A7AD8 /* NotificationPermissionView.swift in Sources */,
				30FC049F30136F41001A7AD8 /* NotificationPermissionViewController.swift in Sources */,
				30FC04A030136F41001A7AD8 /* PushNotificationURLRouter.swift in Sources */,
				30FC04A130136F41001A7AD8 /* UserAgentBuilder.swift in Sources */,
				30FC04A230136F41001A7AD8 /* WebviewVC.swift in Sources */,
				30FC04A330136F41001A7AD8 /* AppDelegate.swift in Sources */,
				30FC04A430136F41001A7AD8 /* ContentView.swift in Sources */,
				30FC04A530136F41001A7AD8 /* SceneDelegate.swift in Sources */,
				30FC04A630136F41001A7AD8 /* ViewController.swift in Sources */,
			);
			runOnlyForDeploymentPostprocessing = 0;
		};
		A1BF002030136A01001A7AD8 /* Sources */ = {
			isa = PBXSourcesBuildPhase;
			buildActionMask = 2147483647;
			files = (
				30FC04B430137190001A7AD8 /* NotificationService.swift in Sources */,
			);
			runOnlyForDeploymentPostprocessing = 0;
		};
/* End PBXSourcesBuildPhase section */

/* Begin PBXTargetDependency section */
		A1BF001E30136A01001A7AD8 /* PBXTargetDependency */ = {
			isa = PBXTargetDependency;
			target = A1BF001930136A01001A7AD8 /* NotificationServiceExtension */;
			targetProxy = A1BF001830136A01001A7AD8 /* PBXContainerItemProxy */;
		};
/* End PBXTargetDependency section */

/* Begin PBXVariantGroup section */
		30FC047230136F41001A7AD8 /* LaunchScreen.storyboard */ = {
			isa = PBXVariantGroup;
			children = (
				30FC047130136F41001A7AD8 /* Base */,
			);
			name = LaunchScreen.storyboard;
			sourceTree = "<group>";
		};
		30FC047430136F41001A7AD8 /* Main.storyboard */ = {
			isa = PBXVariantGroup;
			children = (
				30FC047330136F41001A7AD8 /* Base */,
			);
			name = Main.storyboard;
			sourceTree = "<group>";
		};
/* End PBXVariantGroup section */

/* Begin XCBuildConfiguration section */
		306B667D30080EC50027518A /* Debug */ = {
			isa = XCBuildConfiguration;
			baseConfigurationReference = D36602E25715195BC9D3FD70 /* Pods-248VelquoraStudio.debug.xcconfig */;
			buildSettings = {
				ASSETCATALOG_COMPILER_APPICON_NAME = AppIcon;
				ASSETCATALOG_COMPILER_GLOBAL_ACCENT_COLOR_NAME = AccentColor;
				CODE_SIGN_ENTITLEMENTS = 248VelquoraStudio/248VelquoraStudio.entitlements;
				CODE_SIGN_STYLE = Automatic;
				CURRENT_PROJECT_VERSION = 1;
				GENERATE_INFOPLIST_FILE = YES;
				INFOPLIST_FILE = 248VelquoraStudio/Info.plist;
				INFOPLIST_KEY_CFBundleDisplayName = "Velquora Studio";
				INFOPLIST_KEY_UIApplicationSupportsIndirectInputEvents = YES;
				INFOPLIST_KEY_UILaunchStoryboardName = LaunchScreen;
				INFOPLIST_KEY_UIMainStoryboardFile = Main;
				INFOPLIST_KEY_UISupportedInterfaceOrientations_iPad = "UIInterfaceOrientationPortrait UIInterfaceOrientationPortraitUpsideDown UIInterfaceOrientationLandscapeLeft UIInterfaceOrientationLandscapeRight";
				INFOPLIST_KEY_UISupportedInterfaceOrientations_iPhone = "UIInterfaceOrientationPortrait UIInterfaceOrientationLandscapeLeft UIInterfaceOrientationLandscapeRight";
				IPHONEOS_DEPLOYMENT_TARGET = 16.0;
				LD_RUNPATH_SEARCH_PATHS = (
					"$(inherited)",
					"@executable_path/Frameworks",
				);
				MARKETING_VERSION = 1.1;
				PRODUCT_BUNDLE_IDENTIFIER = com.jay.v3lq80r3st7d10;
				PRODUCT_NAME = "$(TARGET_NAME)";
				STRING_CATALOG_GENERATE_SYMBOLS = YES;
				SUPPORTED_PLATFORMS = "iphoneos iphonesimulator";
				SUPPORTS_MACCATALYST = NO;
				SUPPORTS_MAC_DESIGNED_FOR_IPHONE_IPAD = NO;
				SUPPORTS_XR_DESIGNED_FOR_IPHONE_IPAD = NO;
				SWIFT_APPROACHABLE_CONCURRENCY = YES;
				SWIFT_DEFAULT_ACTOR_ISOLATION = MainActor;
				SWIFT_EMIT_LOC_STRINGS = YES;
				SWIFT_UPCOMING_FEATURE_MEMBER_IMPORT_VISIBILITY = YES;
				SWIFT_VERSION = 5.0;
				TARGETED_DEVICE_FAMILY = 1;
			};
			name = Debug;
		};
		306B667E30080EC50027518A /* Release */ = {
			isa = XCBuildConfiguration;
			baseConfigurationReference = AD3DD173A2AA3C29E92BD8CD /* Pods-248VelquoraStudio.release.xcconfig */;
			buildSettings = {
				ASSETCATALOG_COMPILER_APPICON_NAME = AppIcon;
				ASSETCATALOG_COMPILER_GLOBAL_ACCENT_COLOR_NAME = AccentColor;
				CODE_SIGN_ENTITLEMENTS = 248VelquoraStudio/248VelquoraStudio.entitlements;
				CODE_SIGN_STYLE = Automatic;
				CURRENT_PROJECT_VERSION = 1;
				GENERATE_INFOPLIST_FILE = YES;
				INFOPLIST_FILE = 248VelquoraStudio/Info.plist;
				INFOPLIST_KEY_CFBundleDisplayName = "Velquora Studio";
				INFOPLIST_KEY_UIApplicationSupportsIndirectInputEvents = YES;
				INFOPLIST_KEY_UILaunchStoryboardName = LaunchScreen;
				INFOPLIST_KEY_UIMainStoryboardFile = Main;
				INFOPLIST_KEY_UISupportedInterfaceOrientations_iPad = "UIInterfaceOrientationPortrait UIInterfaceOrientationPortraitUpsideDown UIInterfaceOrientationLandscapeLeft UIInterfaceOrientationLandscapeRight";
				INFOPLIST_KEY_UISupportedInterfaceOrientations_iPhone = "UIInterfaceOrientationPortrait UIInterfaceOrientationLandscapeLeft UIInterfaceOrientationLandscapeRight";
				IPHONEOS_DEPLOYMENT_TARGET = 16.0;
				LD_RUNPATH_SEARCH_PATHS = (
					"$(inherited)",
					"@executable_path/Frameworks",
				);
				MARKETING_VERSION = 1.1;
				PRODUCT_BUNDLE_IDENTIFIER = com.jay.v3lq80r3st7d10;
				PRODUCT_NAME = "$(TARGET_NAME)";
				STRING_CATALOG_GENERATE_SYMBOLS = YES;
				SUPPORTED_PLATFORMS = "iphoneos iphonesimulator";
				SUPPORTS_MACCATALYST = NO;
				SUPPORTS_MAC_DESIGNED_FOR_IPHONE_IPAD = NO;
				SUPPORTS_XR_DESIGNED_FOR_IPHONE_IPAD = NO;
				SWIFT_APPROACHABLE_CONCURRENCY = YES;
				SWIFT_DEFAULT_ACTOR_ISOLATION = MainActor;
				SWIFT_EMIT_LOC_STRINGS = YES;
				SWIFT_UPCOMING_FEATURE_MEMBER_IMPORT_VISIBILITY = YES;
				SWIFT_VERSION = 5.0;
				TARGETED_DEVICE_FAMILY = 1;
			};
			name = Release;
		};
		306B667F30080EC50027518A /* Debug */ = {
			isa = XCBuildConfiguration;
			buildSettings = {
				ALWAYS_SEARCH_USER_PATHS = NO;
				ASSETCATALOG_COMPILER_GENERATE_SWIFT_ASSET_SYMBOL_EXTENSIONS = YES;
				CLANG_ANALYZER_NONNULL = YES;
				CLANG_ANALYZER_NUMBER_OBJECT_CONVERSION = YES_AGGRESSIVE;
				CLANG_CXX_LANGUAGE_STANDARD = "gnu++20";
				CLANG_ENABLE_MODULES = YES;
				CLANG_ENABLE_OBJC_ARC = YES;
				CLANG_ENABLE_OBJC_WEAK = YES;
				CLANG_WARN_BLOCK_CAPTURE_AUTORELEASING = YES;
				CLANG_WARN_BOOL_CONVERSION = YES;
				CLANG_WARN_COMMA = YES;
				CLANG_WARN_CONSTANT_CONVERSION = YES;
				CLANG_WARN_DEPRECATED_OBJC_IMPLEMENTATIONS = YES;
				CLANG_WARN_DIRECT_OBJC_ISA_USAGE = YES_ERROR;
				CLANG_WARN_DOCUMENTATION_COMMENTS = YES;
				CLANG_WARN_EMPTY_BODY = YES;
				CLANG_WARN_ENUM_CONVERSION = YES;
				CLANG_WARN_INFINITE_RECURSION = YES;
				CLANG_WARN_INT_CONVERSION = YES;
				CLANG_WARN_NON_LITERAL_NULL_CONVERSION = YES;
				CLANG_WARN_OBJC_IMPLICIT_RETAIN_SELF = YES;
				CLANG_WARN_OBJC_LITERAL_CONVERSION = YES;
				CLANG_WARN_OBJC_ROOT_CLASS = YES_ERROR;
				CLANG_WARN_QUOTED_INCLUDE_IN_FRAMEWORK_HEADER = YES;
				CLANG_WARN_RANGE_LOOP_ANALYSIS = YES;
				CLANG_WARN_STRICT_PROTOTYPES = YES;
				CLANG_WARN_SUSPICIOUS_MOVE = YES;
				CLANG_WARN_UNGUARDED_AVAILABILITY = YES_AGGRESSIVE;
				CLANG_WARN_UNREACHABLE_CODE = YES;
				CLANG_WARN__DUPLICATE_METHOD_MATCH = YES;
				COPY_PHASE_STRIP = NO;
				DEBUG_INFORMATION_FORMAT = dwarf;
				ENABLE_STRICT_OBJC_MSGSEND = YES;
				ENABLE_TESTABILITY = YES;
				ENABLE_USER_SCRIPT_SANDBOXING = YES;
				GCC_C_LANGUAGE_STANDARD = gnu17;
				GCC_DYNAMIC_NO_PIC = NO;
				GCC_NO_COMMON_BLOCKS = YES;
				GCC_OPTIMIZATION_LEVEL = 0;
				GCC_PREPROCESSOR_DEFINITIONS = (
					"DEBUG=1",
					"$(inherited)",
				);
				GCC_WARN_64_TO_32_BIT_CONVERSION = YES;
				GCC_WARN_ABOUT_RETURN_TYPE = YES_ERROR;
				GCC_WARN_UNDECLARED_SELECTOR = YES;
				GCC_WARN_UNINITIALIZED_AUTOS = YES_AGGRESSIVE;
				GCC_WARN_UNUSED_FUNCTION = YES;
				GCC_WARN_UNUSED_VARIABLE = YES;
				IPHONEOS_DEPLOYMENT_TARGET = 26.5;
				LOCALIZATION_PREFERS_STRING_CATALOGS = YES;
				MTL_ENABLE_DEBUG_INFO = INCLUDE_SOURCE;
				MTL_FAST_MATH = YES;
				ONLY_ACTIVE_ARCH = YES;
				SDKROOT = iphoneos;
				SWIFT_ACTIVE_COMPILATION_CONDITIONS = "DEBUG $(inherited)";
				SWIFT_OPTIMIZATION_LEVEL = "-Onone";
			};
			name = Debug;
		};
		306B668030080EC50027518A /* Release */ = {
			isa = XCBuildConfiguration;
			buildSettings = {
				ALWAYS_SEARCH_USER_PATHS = NO;
				ASSETCATALOG_COMPILER_GENERATE_SWIFT_ASSET_SYMBOL_EXTENSIONS = YES;
				CLANG_ANALYZER_NONNULL = YES;
				CLANG_ANALYZER_NUMBER_OBJECT_CONVERSION = YES_AGGRESSIVE;
				CLANG_CXX_LANGUAGE_STANDARD = "gnu++20";
				CLANG_ENABLE_MODULES = YES;
				CLANG_ENABLE_OBJC_ARC = YES;
				CLANG_ENABLE_OBJC_WEAK = YES;
				CLANG_WARN_BLOCK_CAPTURE_AUTORELEASING = YES;
				CLANG_WARN_BOOL_CONVERSION = YES;
				CLANG_WARN_COMMA = YES;
				CLANG_WARN_CONSTANT_CONVERSION = YES;
				CLANG_WARN_DEPRECATED_OBJC_IMPLEMENTATIONS = YES;
				CLANG_WARN_DIRECT_OBJC_ISA_USAGE = YES_ERROR;
				CLANG_WARN_DOCUMENTATION_COMMENTS = YES;
				CLANG_WARN_EMPTY_BODY = YES;
				CLANG_WARN_ENUM_CONVERSION = YES;
				CLANG_WARN_INFINITE_RECURSION = YES;
				CLANG_WARN_INT_CONVERSION = YES;
				CLANG_WARN_NON_LITERAL_NULL_CONVERSION = YES;
				CLANG_WARN_OBJC_IMPLICIT_RETAIN_SELF = YES;
				CLANG_WARN_OBJC_LITERAL_CONVERSION = YES;
				CLANG_WARN_OBJC_ROOT_CLASS = YES_ERROR;
				CLANG_WARN_QUOTED_INCLUDE_IN_FRAMEWORK_HEADER = YES;
				CLANG_WARN_RANGE_LOOP_ANALYSIS = YES;
				CLANG_WARN_STRICT_PROTOTYPES = YES;
				CLANG_WARN_SUSPICIOUS_MOVE = YES;
				CLANG_WARN_UNGUARDED_AVAILABILITY = YES_AGGRESSIVE;
				CLANG_WARN_UNREACHABLE_CODE = YES;
				CLANG_WARN__DUPLICATE_METHOD_MATCH = YES;
				COPY_PHASE_STRIP = NO;
				DEBUG_INFORMATION_FORMAT = "dwarf-with-dsym";
				ENABLE_NS_ASSERTIONS = NO;
				ENABLE_STRICT_OBJC_MSGSEND = YES;
				ENABLE_USER_SCRIPT_SANDBOXING = YES;
				GCC_C_LANGUAGE_STANDARD = gnu17;
				GCC_NO_COMMON_BLOCKS = YES;
				GCC_WARN_64_TO_32_BIT_CONVERSION = YES;
				GCC_WARN_ABOUT_RETURN_TYPE = YES_ERROR;
				GCC_WARN_UNDECLARED_SELECTOR = YES;
				GCC_WARN_UNINITIALIZED_AUTOS = YES_AGGRESSIVE;
				GCC_WARN_UNUSED_FUNCTION = YES;
				GCC_WARN_UNUSED_VARIABLE = YES;
				IPHONEOS_DEPLOYMENT_TARGET = 26.5;
				LOCALIZATION_PREFERS_STRING_CATALOGS = YES;
				MTL_ENABLE_DEBUG_INFO = NO;
				MTL_FAST_MATH = YES;
				SDKROOT = iphoneos;
				SWIFT_COMPILATION_MODE = wholemodule;
				VALIDATE_PRODUCT = YES;
			};
			name = Release;
		};
		A1BF002430136A01001A7AD8 /* Debug */ = {
			isa = XCBuildConfiguration;
			buildSettings = {
				CODE_SIGN_STYLE = Automatic;
				CURRENT_PROJECT_VERSION = 1;
				GENERATE_INFOPLIST_FILE = YES;
				INFOPLIST_FILE = NotificationServiceExtension/Info.plist;
				INFOPLIST_KEY_CFBundleDisplayName = NotificationServiceExtension;
				INFOPLIST_KEY_NSHumanReadableCopyright = "";
				IPHONEOS_DEPLOYMENT_TARGET = 16.0;
				LD_RUNPATH_SEARCH_PATHS = (
					"$(inherited)",
					"@executable_path/Frameworks",
					"@executable_path/../../Frameworks",
				);
				MARKETING_VERSION = 1.1;
				PRODUCT_BUNDLE_IDENTIFIER = com.jay.v3lq80r3st7d10.NotificationServiceExtension;
				PRODUCT_NAME = "$(TARGET_NAME)";
				SKIP_INSTALL = YES;
				STRING_CATALOG_GENERATE_SYMBOLS = YES;
				SUPPORTED_PLATFORMS = "iphoneos iphonesimulator";
				SUPPORTS_MACCATALYST = NO;
				SUPPORTS_MAC_DESIGNED_FOR_IPHONE_IPAD = NO;
				SUPPORTS_XR_DESIGNED_FOR_IPHONE_IPAD = NO;
				SWIFT_APPROACHABLE_CONCURRENCY = YES;
				SWIFT_EMIT_LOC_STRINGS = YES;
				SWIFT_UPCOMING_FEATURE_MEMBER_IMPORT_VISIBILITY = YES;
				SWIFT_VERSION = 5.0;
				TARGETED_DEVICE_FAMILY = 1;
			};
			name = Debug;
		};
		A1BF002530136A01001A7AD8 /* Release */ = {
			isa = XCBuildConfiguration;
			buildSettings = {
				CODE_SIGN_STYLE = Automatic;
				CURRENT_PROJECT_VERSION = 1;
				GENERATE_INFOPLIST_FILE = YES;
				INFOPLIST_FILE = NotificationServiceExtension/Info.plist;
				INFOPLIST_KEY_CFBundleDisplayName = NotificationServiceExtension;
				INFOPLIST_KEY_NSHumanReadableCopyright = "";
				IPHONEOS_DEPLOYMENT_TARGET = 16.0;
				LD_RUNPATH_SEARCH_PATHS = (
					"$(inherited)",
					"@executable_path/Frameworks",
					"@executable_path/../../Frameworks",
				);
				MARKETING_VERSION = 1.1;
				PRODUCT_BUNDLE_IDENTIFIER = com.jay.v3lq80r3st7d10.NotificationServiceExtension;
				PRODUCT_NAME = "$(TARGET_NAME)";
				SKIP_INSTALL = YES;
				STRING_CATALOG_GENERATE_SYMBOLS = YES;
				SUPPORTED_PLATFORMS = "iphoneos iphonesimulator";
				SUPPORTS_MACCATALYST = NO;
				SUPPORTS_MAC_DESIGNED_FOR_IPHONE_IPAD = NO;
				SUPPORTS_XR_DESIGNED_FOR_IPHONE_IPAD = NO;
				SWIFT_APPROACHABLE_CONCURRENCY = YES;
				SWIFT_EMIT_LOC_STRINGS = YES;
				SWIFT_UPCOMING_FEATURE_MEMBER_IMPORT_VISIBILITY = YES;
				SWIFT_VERSION = 5.0;
				TARGETED_DEVICE_FAMILY = 1;
			};
			name = Release;
		};
/* End XCBuildConfiguration section */

/* Begin XCConfigurationList section */
		306B666430080EC40027518A /* Build configuration list for PBXProject "248VelquoraStudio" */ = {
			isa = XCConfigurationList;
			buildConfigurations = (
				306B667F30080EC50027518A /* Debug */,
				306B668030080EC50027518A /* Release */,
			);
			defaultConfigurationIsVisible = 0;
			defaultConfigurationName = Release;
		};
		306B667C30080EC50027518A /* Build configuration list for PBXNativeTarget "248VelquoraStudio" */ = {
			isa = XCConfigurationList;
			buildConfigurations = (
				306B667D30080EC50027518A /* Debug */,
				306B667E30080EC50027518A /* Release */,
			);
			defaultConfigurationIsVisible = 0;
			defaultConfigurationName = Release;
		};
		A1BF001F30136A01001A7AD8 /* Build configuration list for PBXNativeTarget "NotificationServiceExtension" */ = {
			isa = XCConfigurationList;
			buildConfigurations = (
				A1BF002430136A01001A7AD8 /* Debug */,
				A1BF002530136A01001A7AD8 /* Release */,
			);
			defaultConfigurationIsVisible = 0;
			defaultConfigurationName = Release;
		};
/* End XCConfigurationList section */

/* Begin XCRemoteSwiftPackageReference section */
		A1BF002230136A01001A7AD8 /* XCRemoteSwiftPackageReference "firebase-ios-sdk" */ = {
			isa = XCRemoteSwiftPackageReference;
			repositoryURL = "https://github.com/firebase/firebase-ios-sdk";
			requirement = {
				kind = upToNextMajorVersion;
				minimumVersion = 12.16.0;
			};
		};
		A1BF002330136A01001A7AD8 /* XCRemoteSwiftPackageReference "AppsFlyerFramework-Static" */ = {
			isa = XCRemoteSwiftPackageReference;
			repositoryURL = "https://github.com/AppsFlyerSDK/AppsFlyerFramework-Static";
			requirement = {
				kind = upToNextMajorVersion;
				minimumVersion = 6.0.0;
			};
		};
/* End XCRemoteSwiftPackageReference section */

/* Begin XCSwiftPackageProductDependency section */
		A1BF001130136A01001A7AD8 /* FirebaseMessaging */ = {
			isa = XCSwiftPackageProductDependency;
			package = A1BF002230136A01001A7AD8 /* XCRemoteSwiftPackageReference "firebase-ios-sdk" */;
			productName = FirebaseMessaging;
		};
		A1BF001330136A01001A7AD8 /* AppsFlyerLib-Static */ = {
			isa = XCSwiftPackageProductDependency;
			package = A1BF002330136A01001A7AD8 /* XCRemoteSwiftPackageReference "AppsFlyerFramework-Static" */;
			productName = "AppsFlyerLib-Static";
		};
		A1BF001530136A01001A7AD8 /* FirebaseMessaging */ = {
			isa = XCSwiftPackageProductDependency;
			package = A1BF002230136A01001A7AD8 /* XCRemoteSwiftPackageReference "firebase-ios-sdk" */;
			productName = FirebaseMessaging;
		};
/* End XCSwiftPackageProductDependency section */
	};
	rootObject = 306B666130080EC40027518A /* Project object */;
}
